// !$*UTF8*$!
{
	archiveVersion = 1;
	classes = {
	};
	objectVersion = 55;
	objects = {

/* Begin PBXBuildFile section */
		9562A630B35CA7174FB6CA77 /* Pods_Weather.framework in Frameworks */ = {isa = PBXBuildFile; fileRef = BA67A52A444855E3ED2DCBDB /* Pods_Weather.framework */; };
		F85E28CF2826D95C00702B70 /* AppDelegate.swift in Sources */ = {isa = PBXBuildFile; fileRef = F85E28CE2826D95C00702B70 /* AppDelegate.swift */; };
		F85E28D32826D95C00702B70 /* MainViewController.swift in Sources */ = {isa = PBXBuildFile; fileRef = F85E28D22826D95C00702B70 /* MainViewController.swift */; };
		F85E28D62826D95C00702B70 /* Main.storyboard in Resources */ = {isa = PBXBuildFile; fileRef = F85E28D42826D95C00702B70 /* Main.storyboard */; };
		F85E28DB2826D96000702B70 /* LaunchScreen.storyboard in Resources */ = {isa = PBXBuildFile; fileRef = F85E28D92826D96000702B70 /* LaunchScreen.storyboard */; };
		F85E28F82826EEC300702B70 /* WeatherByHourCell.swift in Sources */ = {isa = PBXBuildFile; fileRef = F85E28F62826EEC300702B70 /* WeatherByHourCell.swift */; };
		F85E28F92826EEC300702B70 /* WeatherByHourCell.xib in Resources */ = {isa = PBXBuildFile; fileRef = F85E28F72826EEC300702B70 /* WeatherByHourCell.xib */; };
		F85E28FC2826EEE100702B70 /* WeatherByDayCell.swift in Sources */ = {isa = PBXBuildFile; fileRef = F85E28FA2826EEE100702B70 /* WeatherByDayCell.swift */; };
		F85E28FD2826EEE100702B70 /* WeatherByDayCell.xib in Resources */ = {isa = PBXBuildFile; fileRef = F85E28FB2826EEE100702B70 /* WeatherByDayCell.xib */; };
		F85E29132826FE9F00702B70 /* NetworkService.swift in Sources */ = {isa = PBXBuildFile; fileRef = F85E29122826FE9F00702B70 /* NetworkService.swift */; };
		F85E29152827109200702B70 /* ApiRouter.swift in Sources */ = {isa = PBXBuildFile; fileRef = F85E29142827109200702B70 /* ApiRouter.swift */; };
		F85E291B2827167D00702B70 /* WeatherNetworkService.swift in Sources */ = {isa = PBXBuildFile; fileRef = F85E291A2827167D00702B70 /* WeatherNetworkService.swift */; };
		F85E291E282719DE00702B70 /* AlertPresentable.swift in Sources */ = {isa = PBXBuildFile; fileRef = F85E291D282719DE00702B70 /* AlertPresentable.swift */; };
		F85E292128271F6D00702B70 /* WeatherViewModel.swift in Sources */ = {isa = PBXBuildFile; fileRef = F85E292028271F6D00702B70 /* WeatherViewModel.swift */; };
		F85E292A28272C5400702B70 /* WeatherDayResponse.swift in Sources */ = {isa = PBXBuildFile; fileRef = F85E292528272C5400702B70 /* WeatherDayResponse.swift */; };
		F85E292B28272C5400702B70 /* WeatherResponse.swift in Sources */ = {isa = PBXBuildFile; fileRef = F85E292628272C5400702B70 /* WeatherResponse.swift */; };
		F85E292C28272C5400702B70 /* DayDataResponse.swift in Sources */ = {isa = PBXBuildFile; fileRef = F85E292728272C5400702B70 /* DayDataResponse.swift */; };
		F85E292D28272C5400702B70 /* HourDataResponse.swift in Sources */ = {isa = PBXBuildFile; fileRef = F85E292828272C5400702B70 /* HourDataResponse.swift */; };
		F85E292E28272C5400702B70 /* WeatherHourResponse.swift in Sources */ = {isa = PBXBuildFile; fileRef = F85E292928272C5400702B70 /* WeatherHourResponse.swift */; };
		F85E293328272C6200702B70 /* WeatherState.swift in Sources */ = {isa = PBXBuildFile; fileRef = F85E293028272C6200702B70 /* WeatherState.swift */; };
		F85E293428272C6200702B70 /* WeatherByHour.swift in Sources */ = {isa = PBXBuildFile; fileRef = F85E293128272C6200702B70 /* WeatherByHour.swift */; };
		F85E293528272C6200702B70 /* WeatherByDay.swift in Sources */ = {isa = PBXBuildFile; fileRef = F85E293228272C6200702B70 /* WeatherByDay.swift */; };
		F85E293828272C6F00702B70 /* Error.swift in Sources */ = {isa = PBXBuildFile; fileRef = F85E293728272C6F00702B70 /* Error.swift */; };
		F85E293C2827FE9D00702B70 /* Double+Extension.swift in Sources */ = {isa = PBXBuildFile; fileRef = F85E293B2827FE9D00702B70 /* Double+Extension.swift */; };
		F85E293E2828037600702B70 /* NSDate+Extension.swift in Sources */ = {isa = PBXBuildFile; fileRef = F85E293D2828037600702B70 /* NSDate+Extension.swift */; };
		F85E29402828197100702B70 /* String+Extension.swift in Sources */ = {isa = PBXBuildFile; fileRef = F85E293F2828197100702B70 /* String+Extension.swift */; };
		F85E29432828268800702B70 /* Date+Extension.swift in Sources */ = {isa = PBXBuildFile; fileRef = F85E29422828268800702B70 /* Date+Extension.swift */; };
		F85E29482828289700702B70 /* CurrentWeatherView.swift in Sources */ = {isa = PBXBuildFile; fileRef = F85E29472828289700702B70 /* CurrentWeatherView.swift */; };
		F85E294C2828293700702B70 /* WeatherAtMoment.swift in Sources */ = {isa = PBXBuildFile; fileRef = F85E294B2828293700702B70 /* WeatherAtMoment.swift */; };
		F888A3EA282A4EF00016E758 /* Assets.xcassets in Resources */ = {isa = PBXBuildFile; fileRef = F888A3E9282A4EF00016E758 /* Assets.xcassets */; };
		F8BB93AB28298C92008A1E8B /* Utilities.swift in Sources */ = {isa = PBXBuildFile; fileRef = F8BB93AA28298C92008A1E8B /* Utilities.swift */; };
		F8CC7EB12829995C00423033 /* LocationManager.swift in Sources */ = {isa = PBXBuildFile; fileRef = F8CC7EB02829995C00423033 /* LocationManager.swift */; };
		F8CC7EB32829A1D800423033 /* Localizable.strings in Resources */ = {isa = PBXBuildFile; fileRef = F8CC7EB22829A1D800423033 /* Localizable.strings */; };
		F8CC7EB52829A66F00423033 /* UIView+Extension.swift in Sources */ = {isa = PBXBuildFile; fileRef = F8CC7EB42829A66F00423033 /* UIView+Extension.swift */; };
/* End PBXBuildFile section */

/* Begin PBXFileReference section */
		7DA8DDFA56FD7231A7B6BFEA /* Pods-Weather.debug.xcconfig */ = {isa = PBXFileReference; includeInIndex = 1; lastKnownFileType = text.xcconfig; name = "Pods-Weather.debug.xcconfig"; path = "Target Support Files/Pods-Weather/Pods-Weather.debug.xcconfig"; sourceTree = "<group>"; };
		BA67A52A444855E3ED2DCBDB /* Pods_Weather.framework */ = {isa = PBXFileReference; explicitFileType = wrapper.framework; includeInIndex = 0; path = Pods_Weather.framework; sourceTree = BUILT_PRODUCTS_DIR; };
		C1C94D600891CF608C9A7A24 /* Pods-Weather.release.xcconfig */ = {isa = PBXFileReference; includeInIndex = 1; lastKnownFileType = text.xcconfig; name = "Pods-Weather.release.xcconfig"; path = "Target Support Files/Pods-Weather/Pods-Weather.release.xcconfig"; sourceTree = "<group>"; };
		F85E28CB2826D95C00702B70 /* Weather.app */ = {isa = PBXFileReference; explicitFileType = wrapper.application; includeInIndex = 0; path = Weather.app; sourceTree = BUILT_PRODUCTS_DIR; };
		F85E28CE2826D95C00702B70 /* AppDelegate.swift */ = {isa = PBXFileReference; lastKnownFileType = sourcecode.swift; path = AppDelegate.swift; sourceTree = "<group>"; };
		F85E28D22826D95C00702B70 /* MainViewController.swift */ = {isa = PBXFileReference; lastKnownFileType = sourcecode.swift; path = MainViewController.swift; sourceTree = "<group>"; };
		F85E28D52826D95C00702B70 /* Base */ = {isa = PBXFileReference; lastKnownFileType = file.storyboard; name = Base; path = Base.lproj/Main.storyboard; sourceTree = "<group>"; };
		F85E28DA2826D96000702B70 /* Base */ = {isa = PBXFileReference; lastKnownFileType = file.storyboard; name = Base; path = Base.lproj/LaunchScreen.storyboard; sourceTree = "<group>"; };
		F85E28DC2826D96000702B70 /* Info.plist */ = {isa = PBXFileReference; lastKnownFileType = text.plist.xml; path = Info.plist; sourceTree = "<group>"; };
		F85E28F62826EEC300702B70 /* WeatherByHourCell.swift */ = {isa = PBXFileReference; lastKnownFileType = sourcecode.swift; path = WeatherByHourCell.swift; sourceTree = "<group>"; };
		F85E28F72826EEC300702B70 /* WeatherByHourCell.xib */ = {isa = PBXFileReference; lastKnownFileType = file.xib; path = WeatherByHourCell.xib; sourceTree = "<group>"; };
		F85E28FA2826EEE100702B70 /* WeatherByDayCell.swift */ = {isa = PBXFileReference; lastKnownFileType = sourcecode.swift; path = WeatherByDayCell.swift; sourceTree = "<group>"; };
		F85E28FB2826EEE100702B70 /* WeatherByDayCell.xib */ = {isa = PBXFileReference; lastKnownFileType = file.xib; path = WeatherByDayCell.xib; sourceTree = "<group>"; };
		F85E29122826FE9F00702B70 /* NetworkService.swift */ = {isa = PBXFileReference; lastKnownFileType = sourcecode.swift; path = NetworkService.swift; sourceTree = "<group>"; };
		F85E29142827109200702B70 /* ApiRouter.swift */ = {isa = PBXFileReference; lastKnownFileType = sourcecode.swift; path = ApiRouter.swift; sourceTree = "<group>"; };
		F85E291A2827167D00702B70 /* WeatherNetworkService.swift */ = {isa = PBXFileReference; lastKnownFileType = sourcecode.swift; path = WeatherNetworkService.swift; sourceTree = "<group>"; };
		F85E291D282719DE00702B70 /* AlertPresentable.swift */ = {isa = PBXFileReference; lastKnownFileType = sourcecode.swift; path = AlertPresentable.swift; sourceTree = "<group>"; };
		F85E292028271F6D00702B70 /* WeatherViewModel.swift */ = {isa = PBXFileReference; lastKnownFileType = sourcecode.swift; path = WeatherViewModel.swift; sourceTree = "<group>"; };
		F85E292528272C5400702B70 /* WeatherDayResponse.swift */ = {isa = PBXFileReference; fileEncoding = 4; lastKnownFileType = sourcecode.swift; path = WeatherDayResponse.swift; sourceTree = "<group>"; };
		F85E292628272C5400702B70 /* WeatherResponse.swift */ = {isa = PBXFileReference; fileEncoding = 4; lastKnownFileType = sourcecode.swift; path = WeatherResponse.swift; sourceTree = "<group>"; };
		F85E292728272C5400702B70 /* DayDataResponse.swift */ = {isa = PBXFileReference; fileEncoding = 4; lastKnownFileType = sourcecode.swift; path = DayDataResponse.swift; sourceTree = "<group>"; };
		F85E292828272C5400702B70 /* HourDataResponse.swift */ = {isa = PBXFileReference; fileEncoding = 4; lastKnownFileType = sourcecode.swift; path = HourDataResponse.swift; sourceTree = "<group>"; };
		F85E292928272C5400702B70 /* WeatherHourResponse.swift */ = {isa = PBXFileReference; fileEncoding = 4; lastKnownFileType = sourcecode.swift; path = WeatherHourResponse.swift; sourceTree = "<group>"; };
		F85E293028272C6200702B70 /* WeatherState.swift */ = {isa = PBXFileReference; fileEncoding = 4; lastKnownFileType = sourcecode.swift; path = WeatherState.swift; sourceTree = "<group>"; };
		F85E293128272C6200702B70 /* WeatherByHour.swift */ = {isa = PBXFileReference; fileEncoding = 4; lastKnownFileType = sourcecode.swift; path = WeatherByHour.swift; sourceTree = "<group>"; };
		F85E293228272C6200702B70 /* WeatherByDay.swift */ = {isa = PBXFileReference; fileEncoding = 4; lastKnownFileType = sourcecode.swift; path = WeatherByDay.swift; sourceTree = "<group>"; };
		F85E293728272C6F00702B70 /* Error.swift */ = {isa = PBXFileReference; fileEncoding = 4; lastKnownFileType = sourcecode.swift; path = Error.swift; sourceTree = "<group>"; };
		F85E293B2827FE9D00702B70 /* Double+Extension.swift */ = {isa = PBXFileReference; lastKnownFileType = sourcecode.swift; path = "Double+Extension.swift"; sourceTree = "<group>"; };
		F85E293D2828037600702B70 /* NSDate+Extension.swift */ = {isa = PBXFileReference; lastKnownFileType = sourcecode.swift; path = "NSDate+Extension.swift"; sourceTree = "<group>"; };
		F85E293F2828197100702B70 /* String+Extension.swift */ = {isa = PBXFileReference; lastKnownFileType = sourcecode.swift; path = "String+Extension.swift"; sourceTree = "<group>"; };
		F85E29422828268800702B70 /* Date+Extension.swift */ = {isa = PBXFileReference; lastKnownFileType = sourcecode.swift; path = "Date+Extension.swift"; sourceTree = "<group>"; };
		F85E29472828289700702B70 /* CurrentWeatherView.swift */ = {isa = PBXFileReference; lastKnownFileType = sourcecode.swift; path = CurrentWeatherView.swift; sourceTree = "<group>"; };
		F85E294B2828293700702B70 /* WeatherAtMoment.swift */ = {isa = PBXFileReference; lastKnownFileType = sourcecode.swift; path = WeatherAtMoment.swift; sourceTree = "<group>"; };
		F888A3E9282A4EF00016E758 /* Assets.xcassets */ = {isa = PBXFileReference; lastKnownFileType = folder.assetcatalog; path = Assets.xcassets; sourceTree = "<group>"; };
		F8BB93AA28298C92008A1E8B /* Utilities.swift */ = {isa = PBXFileReference; lastKnownFileType = sourcecode.swift; path = Utilities.swift; sourceTree = "<group>"; };
		F8CC7EB02829995C00423033 /* LocationManager.swift */ = {isa = PBXFileReference; lastKnownFileType = sourcecode.swift; path = LocationManager.swift; sourceTree = "<group>"; };
		F8CC7EB22829A1D800423033 /* Localizable.strings */ = {isa = PBXFileReference; lastKnownFileType = text.plist.strings; path = Localizable.strings; sourceTree = "<group>"; };
		F8CC7EB42829A66F00423033 /* UIView+Extension.swift */ = {isa = PBXFileReference; lastKnownFileType = sourcecode.swift; path = "UIView+Extension.swift"; sourceTree = "<group>"; };
/* End PBXFileReference section */

/* Begin PBXFrameworksBuildPhase section */
		F85E28C82826D95C00702B70 /* Frameworks */ = {
			isa = PBXFrameworksBuildPhase;
			buildActionMask = 2147483647;
			files = (
				9562A630B35CA7174FB6CA77 /* Pods_Weather.framework in Frameworks */,
			);
			runOnlyForDeploymentPostprocessing = 0;
		};
/* End PBXFrameworksBuildPhase section */

/* Begin PBXGroup section */
		6B3F6FEAB14159E34F2C62A5 /* Frameworks */ = {
			isa = PBXGroup;
			children = (
				BA67A52A444855E3ED2DCBDB /* Pods_Weather.framework */,
			);
			name = Frameworks;
			sourceTree = "<group>";
		};
		B8A37CB84944F7A915800223 /* Pods */ = {
			isa = PBXGroup;
			children = (
				7DA8DDFA56FD7231A7B6BFEA /* Pods-Weather.debug.xcconfig */,
				C1C94D600891CF608C9A7A24 /* Pods-Weather.release.xcconfig */,
			);
			path = Pods;
			sourceTree = "<group>";
		};
		F85E28C22826D95C00702B70 = {
			isa = PBXGroup;
			children = (
				F85E28CD2826D95C00702B70 /* Weather */,
				F85E28CC2826D95C00702B70 /* Products */,
				B8A37CB84944F7A915800223 /* Pods */,
				6B3F6FEAB14159E34F2C62A5 /* Frameworks */,
			);
			sourceTree = "<group>";
		};
		F85E28CC2826D95C00702B70 /* Products */ = {
			isa = PBXGroup;
			children = (
				F85E28CB2826D95C00702B70 /* Weather.app */,
			);
			name = Products;
			sourceTree = "<group>";
		};
		F85E28CD2826D95C00702B70 /* Weather */ = {
			isa = PBXGroup;
			children = (
				F85E29392827FE7300702B70 /* Functionality */,
				F85E28E52826E09100702B70 /* UI */,
				F85E28E22826DFC600702B70 /* SupportingFiles */,
			);
			path = Weather;
			sourceTree = "<group>";
		};
		F85E28E22826DFC600702B70 /* SupportingFiles */ = {
			isa = PBXGroup;
			children = (
				F888A3E9282A4EF00016E758 /* Assets.xcassets */,
				F85E28CE2826D95C00702B70 /* AppDelegate.swift */,
				F85E28D92826D96000702B70 /* LaunchScreen.storyboard */,
				F85E28DC2826D96000702B70 /* Info.plist */,
				F8CC7EB22829A1D800423033 /* Localizable.strings */,
			);
			path = SupportingFiles;
			sourceTree = "<group>";
		};
		F85E28E52826E09100702B70 /* UI */ = {
			isa = PBXGroup;
			children = (
				F85E28E72826E6A500702B70 /* MainScreen */,
			);
			path = UI;
			sourceTree = "<group>";
		};
		F85E28E62826E09600702B70 /* Services */ = {
			isa = PBXGroup;
			children = (
				F8BB93A928298C82008A1E8B /* Utilities */,
				F85E291C282719CD00702B70 /* AlertService */,
				F85E29192827157900702B70 /* NetworkService */,
				F8CC7EB02829995C00423033 /* LocationManager.swift */,
			);
			path = Services;
			sourceTree = "<group>";
		};
		F85E28E72826E6A500702B70 /* MainScreen */ = {
			isa = PBXGroup;
			children = (
				F85E292F28272C6200702B70 /* Models */,
				F85E291F28271F4C00702B70 /* ViewModel */,
				F85E28E92826E97400702B70 /* Controller */,
				F85E28E82826E96900702B70 /* Views */,
			);
			path = MainScreen;
			sourceTree = "<group>";
		};
		F85E28E82826E96900702B70 /* Views */ = {
			isa = PBXGroup;
			children = (
				F85E29452828285A00702B70 /* Views */,
				F85E29442828285300702B70 /* Scene */,
			);
			path = Views;
			sourceTree = "<group>";
		};
		F85E28E92826E97400702B70 /* Controller */ = {
			isa = PBXGroup;
			children = (
				F85E28D22826D95C00702B70 /* MainViewController.swift */,
			);
			path = Controller;
			sourceTree = "<group>";
		};
		F85E28F32826EE8100702B70 /* Cells */ = {
			isa = PBXGroup;
			children = (
				F85E28F52826EE9900702B70 /* TableViewCell */,
				F85E28F42826EE8D00702B70 /* CollectionViewCell */,
			);
			path = Cells;
			sourceTree = "<group>";
		};
		F85E28F42826EE8D00702B70 /* CollectionViewCell */ = {
			isa = PBXGroup;
			children = (
				F85E28F62826EEC300702B70 /* WeatherByHourCell.swift */,
				F85E28F72826EEC300702B70 /* WeatherByHourCell.xib */,
			);
			path = CollectionViewCell;
			sourceTree = "<group>";
		};
		F85E28F52826EE9900702B70 /* TableViewCell */ = {
			isa = PBXGroup;
			children = (
				F85E28FA2826EEE100702B70 /* WeatherByDayCell.swift */,
				F85E28FB2826EEE100702B70 /* WeatherByDayCell.xib */,
			);
			path = TableViewCell;
			sourceTree = "<group>";
		};
		F85E29192827157900702B70 /* NetworkService */ = {
			isa = PBXGroup;
			children = (
				F85E29122826FE9F00702B70 /* NetworkService.swift */,
				F85E29142827109200702B70 /* ApiRouter.swift */,
				F85E291A2827167D00702B70 /* WeatherNetworkService.swift */,
			);
			path = NetworkService;
			sourceTree = "<group>";
		};
		F85E291C282719CD00702B70 /* AlertService */ = {
			isa = PBXGroup;
			children = (
				F85E291D282719DE00702B70 /* AlertPresentable.swift */,
			);
			path = AlertService;
			sourceTree = "<group>";
		};
		F85E291F28271F4C00702B70 /* ViewModel */ = {
			isa = PBXGroup;
			children = (
				F85E292028271F6D00702B70 /* WeatherViewModel.swift */,
			);
			path = ViewModel;
			sourceTree = "<group>";
		};
		F85E292428272C5400702B70 /* ResponseModels */ = {
			isa = PBXGroup;
			children = (
				F85E292628272C5400702B70 /* WeatherResponse.swift */,
				F85E292528272C5400702B70 /* WeatherDayResponse.swift */,
				F85E292928272C5400702B70 /* WeatherHourResponse.swift */,
				F85E292728272C5400702B70 /* DayDataResponse.swift */,
				F85E292828272C5400702B70 /* HourDataResponse.swift */,
			);
			path = ResponseModels;
			sourceTree = "<group>";
		};
		F85E292F28272C6200702B70 /* Models */ = {
			isa = PBXGroup;
			children = (
				F85E293128272C6200702B70 /* WeatherByHour.swift */,
				F85E293228272C6200702B70 /* WeatherByDay.swift */,
				F85E294B2828293700702B70 /* WeatherAtMoment.swift */,
			);
			path = Models;
			sourceTree = "<group>";
		};
		F85E293628272C6F00702B70 /* Enum */ = {
			isa = PBXGroup;
			children = (
				F85E293028272C6200702B70 /* WeatherState.swift */,
				F85E293728272C6F00702B70 /* Error.swift */,
			);
			path = Enum;
			sourceTree = "<group>";
		};
		F85E29392827FE7300702B70 /* Functionality */ = {
			isa = PBXGroup;
			children = (
				F85E292428272C5400702B70 /* ResponseModels */,
				F85E293A2827FE8F00702B70 /* Extensions */,
				F85E28E62826E09600702B70 /* Services */,
				F85E293628272C6F00702B70 /* Enum */,
			);
			path = Functionality;
			sourceTree = "<group>";
		};
		F85E293A2827FE8F00702B70 /* Extensions */ = {
			isa = PBXGroup;
			children = (
				F85E293B2827FE9D00702B70 /* Double+Extension.swift */,
				F85E293D2828037600702B70 /* NSDate+Extension.swift */,
				F85E293F2828197100702B70 /* String+Extension.swift */,
				F85E29422828268800702B70 /* Date+Extension.swift */,
				F8CC7EB42829A66F00423033 /* UIView+Extension.swift */,
			);
			path = Extensions;
			sourceTree = "<group>";
		};
		F85E29442828285300702B70 /* Scene */ = {
			isa = PBXGroup;
			children = (
				F85E28D42826D95C00702B70 /* Main.storyboard */,
			);
			path = Scene;
			sourceTree = "<group>";
		};
		F85E29452828285A00702B70 /* Views */ = {
			isa = PBXGroup;
			children = (
				F85E29462828287700702B70 /* CurrentWeatherView */,
				F85E28F32826EE8100702B70 /* Cells */,
			);
			path = Views;
			sourceTree = "<group>";
		};
		F85E29462828287700702B70 /* CurrentWeatherView */ = {
			isa = PBXGroup;
			children = (
				F85E29472828289700702B70 /* CurrentWeatherView.swift */,
			);
			path = CurrentWeatherView;
			sourceTree = "<group>";
		};
		F8BB93A928298C82008A1E8B /* Utilities */ = {
			isa = PBXGroup;
			children = (
				F8BB93AA28298C92008A1E8B /* Utilities.swift */,
			);
			path = Utilities;
			sourceTree = "<group>";
		};
/* End PBXGroup section */

/* Begin PBXNativeTarget section */
		F85E28CA2826D95C00702B70 /* Weather */ = {
			isa = PBXNativeTarget;
			buildConfigurationList = F85E28DF2826D96000702B70 /* Build configuration list for PBXNativeTarget "Weather" */;
			buildPhases = (
				23F2494697D7159DD9AA544A /* [CP] Check Pods Manifest.lock */,
				F85E28C72826D95C00702B70 /* Sources */,
				F85E28C82826D95C00702B70 /* Frameworks */,
				F85E28C92826D95C00702B70 /* Resources */,
				45A490C670F528AA5F05B66F /* [CP] Embed Pods Frameworks */,
			);
			buildRules = (
			);
			dependencies = (
			);
			name = Weather;
			productName = Weather;
			productReference = F85E28CB2826D95C00702B70 /* Weather.app */;
			productType = "com.apple.product-type.application";
		};
/* End PBXNativeTarget section */

/* Begin PBXProject section */
		F85E28C32826D95C00702B70 /* Project object */ = {
			isa = PBXProject;
			attributes = {
				BuildIndependentTargetsInParallel = 1;
				LastSwiftUpdateCheck = 1330;
				LastUpgradeCheck = 1330;
				TargetAttributes = {
					F85E28CA2826D95C00702B70 = {
						CreatedOnToolsVersion = 13.3.1;
					};
				};
			};
			buildConfigurationList = F85E28C62826D95C00702B70 /* Build configuration list for PBXProject "Weather" */;
			compatibilityVersion = "Xcode 13.0";
			developmentRegion = en;
			hasScannedForEncodings = 0;
			knownRegions = (
				en,
				Base,
			);
			mainGroup = F85E28C22826D95C00702B70;
			productRefGroup = F85E28CC2826D95C00702B70 /* Products */;
			projectDirPath = "";
			projectRoot = "";
			targets = (
				F85E28CA2826D95C00702B70 /* Weather */,
			);
		};
/* End PBXProject section */

/* Begin PBXResourcesBuildPhase section */
		F85E28C92826D95C00702B70 /* Resources */ = {
			isa = PBXResourcesBuildPhase;
			buildActionMask = 2147483647;
			files = (
				F85E28DB2826D96000702B70 /* LaunchScreen.storyboard in Resources */,
				F8CC7EB32829A1D800423033 /* Localizable.strings in Resources */,
				F85E28D62826D95C00702B70 /* Main.storyboard in Resources */,
				F888A3EA282A4EF00016E758 /* Assets.xcassets in Resources */,
				F85E28F92826EEC300702B70 /* WeatherByHourCell.xib in Resources */,
				F85E28FD2826EEE100702B70 /* WeatherByDayCell.xib in Resources */,
			);
			runOnlyForDeploymentPostprocessing = 0;
		};
/* End PBXResourcesBuildPhase section */

/* Begin PBXShellScriptBuildPhase section */
		23F2494697D7159DD9AA544A /* [CP] Check Pods Manifest.lock */ = {
			isa = PBXShellScriptBuildPhase;
			buildActionMask = 2147483647;
			files = (
			);
			inputFileListPaths = (
			);
			inputPaths = (
				"${PODS_PODFILE_DIR_PATH}/Podfile.lock",
				"${PODS_ROOT}/Manifest.lock",
			);
			name = "[CP] Check Pods Manifest.lock";
			outputFileListPaths = (
			);
			outputPaths = (
				"$(DERIVED_FILE_DIR)/Pods-Weather-checkManifestLockResult.txt",
			);
			runOnlyForDeploymentPostprocessing = 0;
			shellPath = /bin/sh;
			shellScript = "diff \"${PODS_PODFILE_DIR_PATH}/Podfile.lock\" \"${PODS_ROOT}/Manifest.lock\" > /dev/null\nif [ $? != 0 ] ; then\n    # print error to STDERR\n    echo \"error: The sandbox is not in sync with the Podfile.lock. Run 'pod install' or update your CocoaPods installation.\" >&2\n    exit 1\nfi\n# This output is used by Xcode 'outputs' to avoid re-running this script phase.\necho \"SUCCESS\" > \"${SCRIPT_OUTPUT_FILE_0}\"\n";
			showEnvVarsInLog = 0;
		};
		45A490C670F528AA5F05B66F /* [CP] Embed Pods Frameworks */ = {
			isa = PBXShellScriptBuildPhase;
			buildActionMask = 2147483647;
			files = (
			);
			inputFileListPaths = (
				"${PODS_ROOT}/Target Support Files/Pods-Weather/Pods-Weather-frameworks-${CONFIGURATION}-input-files.xcfilelist",
			);
			name = "[CP] Embed Pods Frameworks";
			outputFileListPaths = (
				"${PODS_ROOT}/Target Support Files/Pods-Weather/Pods-Weather-frameworks-${CONFIGURATION}-output-files.xcfilelist",
			);
			runOnlyForDeploymentPostprocessing = 0;
			shellPath = /bin/sh;
			shellScript = "\"${PODS_ROOT}/Target Support Files/Pods-Weather/Pods-Weather-frameworks.sh\"\n";
			showEnvVarsInLog = 0;
		};
/* End PBXShellScriptBuildPhase section */

/* Begin PBXSourcesBuildPhase section */
		F85E28C72826D95C00702B70 /* Sources */ = {
			isa = PBXSourcesBuildPhase;
			buildActionMask = 2147483647;
			files = (
				F85E292B28272C5400702B70 /* WeatherResponse.swift in Sources */,
				F85E29432828268800702B70 /* Date+Extension.swift in Sources */,
				F85E29402828197100702B70 /* String+Extension.swift in Sources */,
				F85E29152827109200702B70 /* ApiRouter.swift in Sources */,
				F85E292D28272C5400702B70 /* HourDataResponse.swift in Sources */,
				F85E29132826FE9F00702B70 /* NetworkService.swift in Sources */,
				F85E293E2828037600702B70 /* NSDate+Extension.swift in Sources */,
				F85E292128271F6D00702B70 /* WeatherViewModel.swift in Sources */,
				F85E292E28272C5400702B70 /* WeatherHourResponse.swift in Sources */,
				F85E28D32826D95C00702B70 /* MainViewController.swift in Sources */,
				F85E294C2828293700702B70 /* WeatherAtMoment.swift in Sources */,
				F85E291B2827167D00702B70 /* WeatherNetworkService.swift in Sources */,
				F8CC7EB52829A66F00423033 /* UIView+Extension.swift in Sources */,
				F8CC7EB12829995C00423033 /* LocationManager.swift in Sources */,
				F85E293428272C6200702B70 /* WeatherByHour.swift in Sources */,
				F85E28CF2826D95C00702B70 /* AppDelegate.swift in Sources */,
				F85E291E282719DE00702B70 /* AlertPresentable.swift in Sources */,
				F85E29482828289700702B70 /* CurrentWeatherView.swift in Sources */,
				F85E293C2827FE9D00702B70 /* Double+Extension.swift in Sources */,
				F85E28F82826EEC300702B70 /* WeatherByHourCell.swift in Sources */,
				F85E28FC2826EEE100702B70 /* WeatherByDayCell.swift in Sources */,
				F85E293828272C6F00702B70 /* Error.swift in Sources */,
				F85E292C28272C5400702B70 /* DayDataResponse.swift in Sources */,
				F85E293528272C6200702B70 /* WeatherByDay.swift in Sources */,
				F85E292A28272C5400702B70 /* WeatherDayResponse.swift in Sources */,
				F8BB93AB28298C92008A1E8B /* Utilities.swift in Sources */,
				F85E293328272C6200702B70 /* WeatherState.swift in Sources */,
			);
			runOnlyForDeploymentPostprocessing = 0;
		};
/* End PBXSourcesBuildPhase section */

/* Begin PBXVariantGroup section */
		F85E28D42826D95C00702B70 /* Main.storyboard */ = {
			isa = PBXVariantGroup;
			children = (
				F85E28D52826D95C00702B70 /* Base */,
			);
			name = Main.storyboard;
			sourceTree = "<group>";
		};
		F85E28D92826D96000702B70 /* LaunchScreen.storyboard */ = {
			isa = PBXVariantGroup;
			children = (
				F85E28DA2826D96000702B70 /* Base */,
			);
			name = LaunchScreen.storyboard;
			sourceTree = "<group>";
		};
/* End PBXVariantGroup section */

/* Begin XCBuildConfiguration section */
		F85E28DD2826D96000702B70 /* Debug */ = {
			isa = XCBuildConfiguration;
			buildSettings = {
				ALWAYS_SEARCH_USER_PATHS = NO;
				CLANG_ANALYZER_NONNULL = YES;
				CLANG_ANALYZER_NUMBER_OBJECT_CONVERSION = YES_AGGRESSIVE;
				CLANG_CXX_LANGUAGE_STANDARD = "gnu++17";
				CLANG_ENABLE_MODULES = YES;
				CLANG_ENABLE_OBJC_ARC = YES;
				CLANG_ENABLE_OBJC_WEAK = YES;
				CLANG_WARN_BLOCK_CAPTURE_AUTORELEASING = YES;
				CLANG_WARN_BOOL_CONVERSION = YES;
				CLANG_WARN_COMMA = YES;
				CLANG_WARN_CONSTANT_CONVERSION = YES;
				CLANG_WARN_DEPRECATED_OBJC_IMPLEMENTATIONS = YES;
				CLANG_WARN_DIRECT_OBJC_ISA_USAGE = YES_ERROR;
				CLANG_WARN_DOCUMENTATION_COMMENTS = YES;
				CLANG_WARN_EMPTY_BODY = YES;
				CLANG_WARN_ENUM_CONVERSION = YES;
				CLANG_WARN_INFINITE_RECURSION = YES;
				CLANG_WARN_INT_CONVERSION = YES;
				CLANG_WARN_NON_LITERAL_NULL_CONVERSION = YES;
				CLANG_WARN_OBJC_IMPLICIT_RETAIN_SELF = YES;
				CLANG_WARN_OBJC_LITERAL_CONVERSION = YES;
				CLANG_WARN_OBJC_ROOT_CLASS = YES_ERROR;
				CLANG_WARN_QUOTED_INCLUDE_IN_FRAMEWORK_HEADER = YES;
				CLANG_WARN_RANGE_LOOP_ANALYSIS = YES;
				CLANG_WARN_STRICT_PROTOTYPES = YES;
				CLANG_WARN_SUSPICIOUS_MOVE = YES;
				CLANG_WARN_UNGUARDED_AVAILABILITY = YES_AGGRESSIVE;
				CLANG_WARN_UNREACHABLE_CODE = YES;
				CLANG_WARN__DUPLICATE_METHOD_MATCH = YES;
				COPY_PHASE_STRIP = NO;
				DEBUG_INFORMATION_FORMAT = dwarf;
				ENABLE_STRICT_OBJC_MSGSEND = YES;
				ENABLE_TESTABILITY = YES;
				GCC_C_LANGUAGE_STANDARD = gnu11;
				GCC_DYNAMIC_NO_PIC = NO;
				GCC_NO_COMMON_BLOCKS = YES;
				GCC_OPTIMIZATION_LEVEL = 0;
				GCC_PREPROCESSOR_DEFINITIONS = (
					"DEBUG=1",
					"$(inherited)",
				);
				GCC_WARN_64_TO_32_BIT_CONVERSION = YES;
				GCC_WARN_ABOUT_RETURN_TYPE = YES_ERROR;
				GCC_WARN_UNDECLARED_SELECTOR = YES;
				GCC_WARN_UNINITIALIZED_AUTOS = YES_AGGRESSIVE;
				GCC_WARN_UNUSED_FUNCTION = YES;
				GCC_WARN_UNUSED_VARIABLE = YES;
				IPHONEOS_DEPLOYMENT_TARGET = 15.4;
				MTL_ENABLE_DEBUG_INFO = INCLUDE_SOURCE;
				MTL_FAST_MATH = YES;
				ONLY_ACTIVE_ARCH = YES;
				SDKROOT = iphoneos;
				SWIFT_ACTIVE_COMPILATION_CONDITIONS = DEBUG;
				SWIFT_OPTIMIZATION_LEVEL = "-Onone";
			};
			name = Debug;
		};
		F85E28DE2826D96000702B70 /* Release */ = {
			isa = XCBuildConfiguration;
			buildSettings = {
				ALWAYS_SEARCH_USER_PATHS = NO;
				CLANG_ANALYZER_NONNULL = YES;
				CLANG_ANALYZER_NUMBER_OBJECT_CONVERSION = YES_AGGRESSIVE;
				CLANG_CXX_LANGUAGE_STANDARD = "gnu++17";
				CLANG_ENABLE_MODULES = YES;
				CLANG_ENABLE_OBJC_ARC = YES;
				CLANG_ENABLE_OBJC_WEAK = YES;
				CLANG_WARN_BLOCK_CAPTURE_AUTORELEASING = YES;
				CLANG_WARN_BOOL_CONVERSION = YES;
				CLANG_WARN_COMMA = YES;
				CLANG_WARN_CONSTANT_CONVERSION = YES;
				CLANG_WARN_DEPRECATED_OBJC_IMPLEMENTATIONS = YES;
				CLANG_WARN_DIRECT_OBJC_ISA_USAGE = YES_ERROR;
				CLANG_WARN_DOCUMENTATION_COMMENTS = YES;
				CLANG_WARN_EMPTY_BODY = YES;
				CLANG_WARN_ENUM_CONVERSION = YES;
				CLANG_WARN_INFINITE_RECURSION = YES;
				CLANG_WARN_INT_CONVERSION = YES;
				CLANG_WARN_NON_LITERAL_NULL_CONVERSION = YES;
				CLANG_WARN_OBJC_IMPLICIT_RETAIN_SELF = YES;
				CLANG_WARN_OBJC_LITERAL_CONVERSION = YES;
				CLANG_WARN_OBJC_ROOT_CLASS = YES_ERROR;
				CLANG_WARN_QUOTED_INCLUDE_IN_FRAMEWORK_HEADER = YES;
				CLANG_WARN_RANGE_LOOP_ANALYSIS = YES;
				CLANG_WARN_STRICT_PROTOTYPES = YES;
				CLANG_WARN_SUSPICIOUS_MOVE = YES;
				CLANG_WARN_UNGUARDED_AVAILABILITY = YES_AGGRESSIVE;
				CLANG_WARN_UNREACHABLE_CODE = YES;
				CLANG_WARN__DUPLICATE_METHOD_MATCH = YES;
				COPY_PHASE_STRIP = NO;
				DEBUG_INFORMATION_FORMAT = "dwarf-with-dsym";
				ENABLE_NS_ASSERTIONS = NO;
				ENABLE_STRICT_OBJC_MSGSEND = YES;
				GCC_C_LANGUAGE_STANDARD = gnu11;
				GCC_NO_COMMON_BLOCKS = YES;
				GCC_WARN_64_TO_32_BIT_CONVERSION = YES;
				GCC_WARN_ABOUT_RETURN_TYPE = YES_ERROR;
				GCC_WARN_UNDECLARED_SELECTOR = YES;
				GCC_WARN_UNINITIALIZED_AUTOS = YES_AGGRESSIVE;
				GCC_WARN_UNUSED_FUNCTION = YES;
				GCC_WARN_UNUSED_VARIABLE = YES;
				IPHONEOS_DEPLOYMENT_TARGET = 15.4;
				MTL_ENABLE_DEBUG_INFO = NO;
				MTL_FAST_MATH = YES;
				SDKROOT = iphoneos;
				SWIFT_COMPILATION_MODE = wholemodule;
				SWIFT_OPTIMIZATION_LEVEL = "-O";
				VALIDATE_PRODUCT = YES;
			};
			name = Release;
		};
		F85E28E02826D96000702B70 /* Debug */ = {
			isa = XCBuildConfiguration;
			baseConfigurationReference = 7DA8DDFA56FD7231A7B6BFEA /* Pods-Weather.debug.xcconfig */;
			buildSettings = {
				ASSETCATALOG_COMPILER_APPICON_NAME = AppIcon;
				ASSETCATALOG_COMPILER_GLOBAL_ACCENT_COLOR_NAME = AccentColor;
				CODE_SIGN_STYLE = Automatic;
				CURRENT_PROJECT_VERSION = 1;
				DEVELOPMENT_TEAM = J5SD7N5BC3;
				GENERATE_INFOPLIST_FILE = YES;
				INFOPLIST_FILE = Weather/SupportingFiles/Info.plist;
				INFOPLIST_KEY_UIApplicationSupportsIndirectInputEvents = YES;
				INFOPLIST_KEY_UILaunchStoryboardName = LaunchScreen;
				INFOPLIST_KEY_UIMainStoryboardFile = Main;
				INFOPLIST_KEY_UISupportedInterfaceOrientations = UIInterfaceOrientationPortrait;
				INFOPLIST_KEY_UISupportedInterfaceOrientations_iPad = "UIInterfaceOrientationPortrait UIInterfaceOrientationPortraitUpsideDown UIInterfaceOrientationLandscapeLeft UIInterfaceOrientationLandscapeRight";
				INFOPLIST_KEY_UISupportedInterfaceOrientations_iPhone = "UIInterfaceOrientationPortrait UIInterfaceOrientationLandscapeLeft UIInterfaceOrientationLandscapeRight";
				LD_RUNPATH_SEARCH_PATHS = (
					"$(inherited)",
					"@executable_path/Frameworks",
				);
				MARKETING_VERSION = 1.0;
				PRODUCT_BUNDLE_IDENTIFIER = com.ios.weather.Weather;
				PRODUCT_NAME = "$(TARGET_NAME)";
				SWIFT_EMIT_LOC_STRINGS = YES;
				SWIFT_VERSION = 5.0;
				TARGETED_DEVICE_FAMILY = 1;
			};
			name = Debug;
		};
		F85E28E12826D96000702B70 /* Release */ = {
			isa = XCBuildConfiguration;
			baseConfigurationReference = C1C94D600891CF608C9A7A24 /* Pods-Weather.release.xcconfig */;
			buildSettings = {
				ASSETCATALOG_COMPILER_APPICON_NAME = AppIcon;
				ASSETCATALOG_COMPILER_GLOBAL_ACCENT_COLOR_NAME = AccentColor;
				CODE_SIGN_STYLE = Automatic;
				CURRENT_PROJECT_VERSION = 1;
				DEVELOPMENT_TEAM = J5SD7N5BC3;
				GENERATE_INFOPLIST_FILE = YES;
				INFOPLIST_FILE = Weather/SupportingFiles/Info.plist;
				INFOPLIST_KEY_UIApplicationSupportsIndirectInputEvents = YES;
				INFOPLIST_KEY_UILaunchStoryboardName = LaunchScreen;
				INFOPLIST_KEY_UIMainStoryboardFile = Main;
				INFOPLIST_KEY_UISupportedInterfaceOrientations = UIInterfaceOrientationPortrait;
				INFOPLIST_KEY_UISupportedInterfaceOrientations_iPad = "UIInterfaceOrientationPortrait UIInterfaceOrientationPortraitUpsideDown UIInterfaceOrientationLandscapeLeft UIInterfaceOrientationLandscapeRight";
				INFOPLIST_KEY_UISupportedInterfaceOrientations_iPhone = "UIInterfaceOrientationPortrait UIInterfaceOrientationLandscapeLeft UIInterfaceOrientationLandscapeRight";
				LD_RUNPATH_SEARCH_PATHS = (
					"$(inherited)",
					"@executable_path/Frameworks",
				);
				MARKETING_VERSION = 1.0;
				PRODUCT_BUNDLE_IDENTIFIER = com.ios.weather.Weather;
				PRODUCT_NAME = "$(TARGET_NAME)";
				SWIFT_EMIT_LOC_STRINGS = YES;
				SWIFT_VERSION = 5.0;
				TARGETED_DEVICE_FAMILY = 1;
			};
			name = Release;
		};
/* End XCBuildConfiguration section */

/* Begin XCConfigurationList section */
		F85E28C62826D95C00702B70 /* Build configuration list for PBXProject "Weather" */ = {
			isa = XCConfigurationList;
			buildConfigurations = (
				F85E28DD2826D96000702B70 /* Debug */,
				F85E28DE2826D96000702B70 /* Release */,
			);
			defaultConfigurationIsVisible = 0;
			defaultConfigurationName = Release;
		};
		F85E28DF2826D96000702B70 /* Build configuration list for PBXNativeTarget "Weather" */ = {
			isa = XCConfigurationList;
			buildConfigurations = (
				F85E28E02826D96000702B70 /* Debug */,
				F85E28E12826D96000702B70 /* Release */,
			);
			defaultConfigurationIsVisible = 0;
			defaultConfigurationName = Release;
		};
/* End XCConfigurationList section */
	};
	rootObject = F85E28C32826D95C00702B70 /* Project object */;
}
